
Microsoft Visual Studio Solution File, Format Version 12.00
# Visual Studio 15
Project("{FAE04EC0-301F-11D3-BF4B-00C04F79EFBC}") = "Persistence", "Persistence.csproj", "{67D38D58-EC39-451B-AF30-3E03D19134CC}"
EndProject
Global
	GlobalSection(SolutionConfigurationPlatforms) = preSolution
		Debug|Any CPU = Debug|Any CPU
		Release|Any CPU = Release|Any CPU
	EndGlobalSection
	GlobalSection(ProjectConfigurationPlatforms) = postSolution
		{67D38D58-EC39-451B-AF30-3E03D19134CC}.Debug|Any CPU.ActiveCfg = Debug|Any CPU
		{67D38D58-EC39-451B-AF30-3E03D19134CC}.Debug|Any CPU.Build.0 = Debug|Any CPU
		{67D38D58-EC39-451B-AF30-3E03D19134CC}.Release|Any CPU.ActiveCfg = Release|Any CPU
		{67D38D58-EC39-451B-AF30-3E03D19134CC}.Release|Any CPU.Build.0 = Release|Any CPU
	EndGlobalSection
EndGlobal
