
Microsoft Visual Studio Solution File, Format Version 12.00
# Visual Studio 15
VisualStudioVersion = 15.0.26124.0
MinimumVisualStudioVersion = 15.0.26124.0
Project("{FAE04EC0-301F-11D3-BF4B-00C04F79EFBC}") = "Domain", "Domain\Domain.csproj", "{F3499A73-4EF7-4340-B145-3845A3DD8AEB}"
EndProject
Project("{FAE04EC0-301F-11D3-BF4B-00C04F79EFBC}") = "Application", "Application\Application.csproj", "{14C6F3A5-F24C-41B5-824B-EC010B920D9B}"
EndProject
Project("{FAE04EC0-301F-11D3-BF4B-00C04F79EFBC}") = "Persistence", "Persistence\Persistence.csproj", "{0CCA7495-1788-4D0E-8F29-8250F2023995}"
EndProject
Project("{FAE04EC0-301F-11D3-BF4B-00C04F79EFBC}") = "API", "API\API.csproj", "{6CE86E41-474D-4B0B-B257-8A32697A2A09}"
EndProject
Global
	GlobalSection(SolutionConfigurationPlatforms) = preSolution
		Debug|Any CPU = Debug|Any CPU
		Debug|x64 = Debug|x64
		Debug|x86 = Debug|x86
		Release|Any CPU = Release|Any CPU
		Release|x64 = Release|x64
		Release|x86 = Release|x86
	EndGlobalSection
	GlobalSection(SolutionProperties) = preSolution
		HideSolutionNode = FALSE
	EndGlobalSection
	GlobalSection(ProjectConfigurationPlatforms) = postSolution
		{F3499A73-4EF7-4340-B145-3845A3DD8AEB}.Debug|Any CPU.ActiveCfg = Debug|Any CPU
		{F3499A73-4EF7-4340-B145-3845A3DD8AEB}.Debug|Any CPU.Build.0 = Debug|Any CPU
		{F3499A73-4EF7-4340-B145-3845A3DD8AEB}.Debug|x64.ActiveCfg = Debug|Any CPU
		{F3499A73-4EF7-4340-B145-3845A3DD8AEB}.Debug|x64.Build.0 = Debug|Any CPU
		{F3499A73-4EF7-4340-B145-3845A3DD8AEB}.Debug|x86.ActiveCfg = Debug|Any CPU
		{F3499A73-4EF7-4340-B145-3845A3DD8AEB}.Debug|x86.Build.0 = Debug|Any CPU
		{F3499A73-4EF7-4340-B145-3845A3DD8AEB}.Release|Any CPU.ActiveCfg = Release|Any CPU
		{F3499A73-4EF7-4340-B145-3845A3DD8AEB}.Release|Any CPU.Build.0 = Release|Any CPU
		{F3499A73-4EF7-4340-B145-3845A3DD8AEB}.Release|x64.ActiveCfg = Release|Any CPU
		{F3499A73-4EF7-4340-B145-3845A3DD8AEB}.Release|x64.Build.0 = Release|Any CPU
		{F3499A73-4EF7-4340-B145-3845A3DD8AEB}.Release|x86.ActiveCfg = Release|Any CPU
		{F3499A73-4EF7-4340-B145-3845A3DD8AEB}.Release|x86.Build.0 = Release|Any CPU
		{14C6F3A5-F24C-41B5-824B-EC010B920D9B}.Debug|Any CPU.ActiveCfg = Debug|Any CPU
		{14C6F3A5-F24C-41B5-824B-EC010B920D9B}.Debug|Any CPU.Build.0 = Debug|Any CPU
		{14C6F3A5-F24C-41B5-824B-EC010B920D9B}.Debug|x64.ActiveCfg = Debug|Any CPU
		{14C6F3A5-F24C-41B5-824B-EC010B920D9B}.Debug|x64.Build.0 = Debug|Any CPU
		{14C6F3A5-F24C-41B5-824B-EC010B920D9B}.Debug|x86.ActiveCfg = Debug|Any CPU
		{14C6F3A5-F24C-41B5-824B-EC010B920D9B}.Debug|x86.Build.0 = Debug|Any CPU
		{14C6F3A5-F24C-41B5-824B-EC010B920D9B}.Release|Any CPU.ActiveCfg = Release|Any CPU
		{14C6F3A5-F24C-41B5-824B-EC010B920D9B}.Release|Any CPU.Build.0 = Release|Any CPU
		{14C6F3A5-F24C-41B5-824B-EC010B920D9B}.Release|x64.ActiveCfg = Release|Any CPU
		{14C6F3A5-F24C-41B5-824B-EC010B920D9B}.Release|x64.Build.0 = Release|Any CPU
		{14C6F3A5-F24C-41B5-824B-EC010B920D9B}.Release|x86.ActiveCfg = Release|Any CPU
		{14C6F3A5-F24C-41B5-824B-EC010B920D9B}.Release|x86.Build.0 = Release|Any CPU
		{0CCA7495-1788-4D0E-8F29-8250F2023995}.Debug|Any CPU.ActiveCfg = Debug|Any CPU
		{0CCA7495-1788-4D0E-8F29-8250F2023995}.Debug|Any CPU.Build.0 = Debug|Any CPU
		{0CCA7495-1788-4D0E-8F29-8250F2023995}.Debug|x64.ActiveCfg = Debug|Any CPU
		{0CCA7495-1788-4D0E-8F29-8250F2023995}.Debug|x64.Build.0 = Debug|Any CPU
		{0CCA7495-1788-4D0E-8F29-8250F2023995}.Debug|x86.ActiveCfg = Debug|Any CPU
		{0CCA7495-1788-4D0E-8F29-8250F2023995}.Debug|x86.Build.0 = Debug|Any CPU
		{0CCA7495-1788-4D0E-8F29-8250F2023995}.Release|Any CPU.ActiveCfg = Release|Any CPU
		{0CCA7495-1788-4D0E-8F29-8250F2023995}.Release|Any CPU.Build.0 = Release|Any CPU
		{0CCA7495-1788-4D0E-8F29-8250F2023995}.Release|x64.ActiveCfg = Release|Any CPU
		{0CCA7495-1788-4D0E-8F29-8250F2023995}.Release|x64.Build.0 = Release|Any CPU
		{0CCA7495-1788-4D0E-8F29-8250F2023995}.Release|x86.ActiveCfg = Release|Any CPU
		{0CCA7495-1788-4D0E-8F29-8250F2023995}.Release|x86.Build.0 = Release|Any CPU
		{6CE86E41-474D-4B0B-B257-8A32697A2A09}.Debug|Any CPU.ActiveCfg = Debug|Any CPU
		{6CE86E41-474D-4B0B-B257-8A32697A2A09}.Debug|Any CPU.Build.0 = Debug|Any CPU
		{6CE86E41-474D-4B0B-B257-8A32697A2A09}.Debug|x64.ActiveCfg = Debug|Any CPU
		{6CE86E41-474D-4B0B-B257-8A32697A2A09}.Debug|x64.Build.0 = Debug|Any CPU
		{6CE86E41-474D-4B0B-B257-8A32697A2A09}.Debug|x86.ActiveCfg = Debug|Any CPU
		{6CE86E41-474D-4B0B-B257-8A32697A2A09}.Debug|x86.Build.0 = Debug|Any CPU
		{6CE86E41-474D-4B0B-B257-8A32697A2A09}.Release|Any CPU.ActiveCfg = Release|Any CPU
		{6CE86E41-474D-4B0B-B257-8A32697A2A09}.Release|Any CPU.Build.0 = Release|Any CPU
		{6CE86E41-474D-4B0B-B257-8A32697A2A09}.Release|x64.ActiveCfg = Release|Any CPU
		{6CE86E41-474D-4B0B-B257-8A32697A2A09}.Release|x64.Build.0 = Release|Any CPU
		{6CE86E41-474D-4B0B-B257-8A32697A2A09}.Release|x86.ActiveCfg = Release|Any CPU
		{6CE86E41-474D-4B0B-B257-8A32697A2A09}.Release|x86.Build.0 = Release|Any CPU
	EndGlobalSection
EndGlobal
