
Microsoft Visual Studio Solution File, Format Version 12.00
# Visual Studio 15
Project("{FAE04EC0-301F-11D3-BF4B-00C04F79EFBC}") = "Domain", "Domain.csproj", "{B3E1C5BD-6A98-4F7B-8122-D1946E507A40}"
EndProject
Global
	GlobalSection(SolutionConfigurationPlatforms) = preSolution
		Debug|Any CPU = Debug|Any CPU
		Release|Any CPU = Release|Any CPU
	EndGlobalSection
	GlobalSection(ProjectConfigurationPlatforms) = postSolution
		{B3E1C5BD-6A98-4F7B-8122-D1946E507A40}.Debug|Any CPU.ActiveCfg = Debug|Any CPU
		{B3E1C5BD-6A98-4F7B-8122-D1946E507A40}.Debug|Any CPU.Build.0 = Debug|Any CPU
		{B3E1C5BD-6A98-4F7B-8122-D1946E507A40}.Release|Any CPU.ActiveCfg = Release|Any CPU
		{B3E1C5BD-6A98-4F7B-8122-D1946E507A40}.Release|Any CPU.Build.0 = Release|Any CPU
	EndGlobalSection
EndGlobal
